
Microsoft Visual Studio Solution File, Format Version 12.00
# Visual Studio 14
VisualStudioVersion = 14.0.24720.0
MinimumVisualStudioVersion = 10.0.40219.1
Project("{FAE04EC0-301F-11D3-BF4B-00C04F79EFBC}") = "WSS.CustomerApplication", "WSS.CustomerApplication\WSS.CustomerApplication.csproj", "{5E51CB3A-CD0C-47D3-AC22-70A2F06FD2AB}"
EndProject
Project("{FAE04EC0-301F-11D3-BF4B-00C04F79EFBC}") = "WSS.CustomerApplication.Tests", "WSS.CustomerApplication.Tests\WSS.CustomerApplication.Tests.csproj", "{4AEEFAFC-2850-47CF-9F5A-5292E8BE83AA}"
EndProject
Project("{FAE04EC0-301F-11D3-BF4B-00C04F79EFBC}") = "WSS.InternalApplication", "WSS.InternalApplication\WSS.InternalApplication.csproj", "{6FD6FC5C-1AC4-4E3E-AB30-9C1723A3F1AA}"
EndProject
Project("{FAE04EC0-301F-11D3-BF4B-00C04F79EFBC}") = "WSS.InternalApplication.Tests", "WSS.InternalApplication.Tests\WSS.InternalApplication.Tests.csproj", "{A0830793-198A-4A33-BFE3-4BAA54E6456D}"
EndProject
Project("{FAE04EC0-301F-11D3-BF4B-00C04F79EFBC}") = "WSS.Data", "WSS.Data\WSS.Data.csproj", "{29998DA7-335A-469C-AF7E-997067B1BD2A}"
EndProject
Project("{FAE04EC0-301F-11D3-BF4B-00C04F79EFBC}") = "UtilityBilling.Data", "UtilityBilling.Data\UtilityBilling.Data.csproj", "{4459A1D1-45F4-4806-8FDF-CC5F09A3E662}"
EndProject
Project("{FAE04EC0-301F-11D3-BF4B-00C04F79EFBC}") = "WWDCommon.Data", "WWDCommon.Data\WWDCommon.Data.csproj", "{71F8265B-9490-4353-B569-FBFF017F5458}"
EndProject
Project("{FAE04EC0-301F-11D3-BF4B-00C04F79EFBC}") = "WSS.User.Service", "WSS.User.Service\WSS.User.Service.csproj", "{AD36B4B4-6344-465F-B928-235A168639C3}"
EndProject
Project("{FAE04EC0-301F-11D3-BF4B-00C04F79EFBC}") = "WSS.User.Service.Tests", "WSS.User.Service.Tests\WSS.User.Service.Tests.csproj", "{5EE05104-1A77-49EE-8067-321FAAC0998C}"
EndProject
Project("{FAE04EC0-301F-11D3-BF4B-00C04F79EFBC}") = "WSS.Email.Service.Tests", "WSS.Email.Service.Tests\WSS.Email.Service.Tests.csproj", "{8163F1B3-C527-45BB-8BF4-800828B597A1}"
EndProject
Project("{FAE04EC0-301F-11D3-BF4B-00C04F79EFBC}") = "WSS.AuditTransaction", "WSS.AuditTransaction\WSS.AuditTransaction.csproj", "{CA1E0254-68E2-4362-90C8-151F368990E7}"
EndProject
Project("{FAE04EC0-301F-11D3-BF4B-00C04F79EFBC}") = "WSS.Logging.Service", "WSS.Logging.Service\WSS.Logging.Service.csproj", "{7A7ACFAE-AABB-49C4-AF17-AEE197B09415}"
EndProject
Project("{FAE04EC0-301F-11D3-BF4B-00C04F79EFBC}") = "WSS.Identity.Data", "WSS.Identity\WSS.Identity.Data.csproj", "{8053475D-47A0-4ED1-805E-9EAE08D35A63}"
EndProject
Project("{FAE04EC0-301F-11D3-BF4B-00C04F79EFBC}") = "WSS.Common.Utilities", "WSS.Common.Utilities\WSS.Common.Utilities.csproj", "{6700036D-142D-44D2-91E6-D920FEA76E93}"
EndProject
Project("{FAE04EC0-301F-11D3-BF4B-00C04F79EFBC}") = "WSS.Common.Utilities.Tests", "WSS.Common.Utilities.Tests\WSS.Common.Utilities.Tests.csproj", "{48FEED82-838B-4A98-ADA7-73A18F0C278F}"
EndProject
Project("{FAE04EC0-301F-11D3-BF4B-00C04F79EFBC}") = "WSS.Email.Service", "WSS.Email.Service\WSS.Email.Service.csproj", "{D61434B0-E2E9-413E-9BC7-931BECAAEB88}"
EndProject
Global
	GlobalSection(SolutionConfigurationPlatforms) = preSolution
		Debug|Any CPU = Debug|Any CPU
		Dev|Any CPU = Dev|Any CPU
		Local|Any CPU = Local|Any CPU
		QA|Any CPU = QA|Any CPU
		Release|Any CPU = Release|Any CPU
		UAT|Any CPU = UAT|Any CPU
	EndGlobalSection
	GlobalSection(ProjectConfigurationPlatforms) = postSolution
		{5E51CB3A-CD0C-47D3-AC22-70A2F06FD2AB}.Debug|Any CPU.ActiveCfg = Local|Any CPU
		{5E51CB3A-CD0C-47D3-AC22-70A2F06FD2AB}.Debug|Any CPU.Build.0 = Local|Any CPU
		{5E51CB3A-CD0C-47D3-AC22-70A2F06FD2AB}.Dev|Any CPU.ActiveCfg = Dev|Any CPU
		{5E51CB3A-CD0C-47D3-AC22-70A2F06FD2AB}.Dev|Any CPU.Build.0 = Dev|Any CPU
		{5E51CB3A-CD0C-47D3-AC22-70A2F06FD2AB}.Local|Any CPU.ActiveCfg = Local|Any CPU
		{5E51CB3A-CD0C-47D3-AC22-70A2F06FD2AB}.Local|Any CPU.Build.0 = Local|Any CPU
		{5E51CB3A-CD0C-47D3-AC22-70A2F06FD2AB}.QA|Any CPU.ActiveCfg = QA|Any CPU
		{5E51CB3A-CD0C-47D3-AC22-70A2F06FD2AB}.QA|Any CPU.Build.0 = QA|Any CPU
		{5E51CB3A-CD0C-47D3-AC22-70A2F06FD2AB}.Release|Any CPU.ActiveCfg = Release|Any CPU
		{5E51CB3A-CD0C-47D3-AC22-70A2F06FD2AB}.Release|Any CPU.Build.0 = Release|Any CPU
		{5E51CB3A-CD0C-47D3-AC22-70A2F06FD2AB}.UAT|Any CPU.ActiveCfg = UAT|Any CPU
		{5E51CB3A-CD0C-47D3-AC22-70A2F06FD2AB}.UAT|Any CPU.Build.0 = UAT|Any CPU
		{4AEEFAFC-2850-47CF-9F5A-5292E8BE83AA}.Debug|Any CPU.ActiveCfg = Debug|Any CPU
		{4AEEFAFC-2850-47CF-9F5A-5292E8BE83AA}.Debug|Any CPU.Build.0 = Debug|Any CPU
		{4AEEFAFC-2850-47CF-9F5A-5292E8BE83AA}.Dev|Any CPU.ActiveCfg = Debug|Any CPU
		{4AEEFAFC-2850-47CF-9F5A-5292E8BE83AA}.Dev|Any CPU.Build.0 = Debug|Any CPU
		{4AEEFAFC-2850-47CF-9F5A-5292E8BE83AA}.Local|Any CPU.ActiveCfg = Debug|Any CPU
		{4AEEFAFC-2850-47CF-9F5A-5292E8BE83AA}.Local|Any CPU.Build.0 = Debug|Any CPU
		{4AEEFAFC-2850-47CF-9F5A-5292E8BE83AA}.QA|Any CPU.ActiveCfg = Debug|Any CPU
		{4AEEFAFC-2850-47CF-9F5A-5292E8BE83AA}.QA|Any CPU.Build.0 = Debug|Any CPU
		{4AEEFAFC-2850-47CF-9F5A-5292E8BE83AA}.Release|Any CPU.ActiveCfg = Release|Any CPU
		{4AEEFAFC-2850-47CF-9F5A-5292E8BE83AA}.Release|Any CPU.Build.0 = Release|Any CPU
		{4AEEFAFC-2850-47CF-9F5A-5292E8BE83AA}.UAT|Any CPU.ActiveCfg = Release|Any CPU
		{4AEEFAFC-2850-47CF-9F5A-5292E8BE83AA}.UAT|Any CPU.Build.0 = Release|Any CPU
		{6FD6FC5C-1AC4-4E3E-AB30-9C1723A3F1AA}.Debug|Any CPU.ActiveCfg = Dev|Any CPU
		{6FD6FC5C-1AC4-4E3E-AB30-9C1723A3F1AA}.Debug|Any CPU.Build.0 = Dev|Any CPU
		{6FD6FC5C-1AC4-4E3E-AB30-9C1723A3F1AA}.Dev|Any CPU.ActiveCfg = Dev|Any CPU
		{6FD6FC5C-1AC4-4E3E-AB30-9C1723A3F1AA}.Dev|Any CPU.Build.0 = Dev|Any CPU
		{6FD6FC5C-1AC4-4E3E-AB30-9C1723A3F1AA}.Local|Any CPU.ActiveCfg = Local|Any CPU
		{6FD6FC5C-1AC4-4E3E-AB30-9C1723A3F1AA}.Local|Any CPU.Build.0 = Local|Any CPU
		{6FD6FC5C-1AC4-4E3E-AB30-9C1723A3F1AA}.QA|Any CPU.ActiveCfg = QA|Any CPU
		{6FD6FC5C-1AC4-4E3E-AB30-9C1723A3F1AA}.QA|Any CPU.Build.0 = QA|Any CPU
		{6FD6FC5C-1AC4-4E3E-AB30-9C1723A3F1AA}.Release|Any CPU.ActiveCfg = Release|Any CPU
		{6FD6FC5C-1AC4-4E3E-AB30-9C1723A3F1AA}.Release|Any CPU.Build.0 = Release|Any CPU
		{6FD6FC5C-1AC4-4E3E-AB30-9C1723A3F1AA}.UAT|Any CPU.ActiveCfg = UAT|Any CPU
		{6FD6FC5C-1AC4-4E3E-AB30-9C1723A3F1AA}.UAT|Any CPU.Build.0 = UAT|Any CPU
		{A0830793-198A-4A33-BFE3-4BAA54E6456D}.Debug|Any CPU.ActiveCfg = Debug|Any CPU
		{A0830793-198A-4A33-BFE3-4BAA54E6456D}.Debug|Any CPU.Build.0 = Debug|Any CPU
		{A0830793-198A-4A33-BFE3-4BAA54E6456D}.Dev|Any CPU.ActiveCfg = Debug|Any CPU
		{A0830793-198A-4A33-BFE3-4BAA54E6456D}.Dev|Any CPU.Build.0 = Debug|Any CPU
		{A0830793-198A-4A33-BFE3-4BAA54E6456D}.Local|Any CPU.ActiveCfg = Debug|Any CPU
		{A0830793-198A-4A33-BFE3-4BAA54E6456D}.Local|Any CPU.Build.0 = Debug|Any CPU
		{A0830793-198A-4A33-BFE3-4BAA54E6456D}.QA|Any CPU.ActiveCfg = Debug|Any CPU
		{A0830793-198A-4A33-BFE3-4BAA54E6456D}.QA|Any CPU.Build.0 = Debug|Any CPU
		{A0830793-198A-4A33-BFE3-4BAA54E6456D}.Release|Any CPU.ActiveCfg = Release|Any CPU
		{A0830793-198A-4A33-BFE3-4BAA54E6456D}.Release|Any CPU.Build.0 = Release|Any CPU
		{A0830793-198A-4A33-BFE3-4BAA54E6456D}.UAT|Any CPU.ActiveCfg = Release|Any CPU
		{A0830793-198A-4A33-BFE3-4BAA54E6456D}.UAT|Any CPU.Build.0 = Release|Any CPU
		{29998DA7-335A-469C-AF7E-997067B1BD2A}.Debug|Any CPU.ActiveCfg = Debug|Any CPU
		{29998DA7-335A-469C-AF7E-997067B1BD2A}.Debug|Any CPU.Build.0 = Debug|Any CPU
		{29998DA7-335A-469C-AF7E-997067B1BD2A}.Dev|Any CPU.ActiveCfg = Debug|Any CPU
		{29998DA7-335A-469C-AF7E-997067B1BD2A}.Dev|Any CPU.Build.0 = Debug|Any CPU
		{29998DA7-335A-469C-AF7E-997067B1BD2A}.Local|Any CPU.ActiveCfg = Debug|Any CPU
		{29998DA7-335A-469C-AF7E-997067B1BD2A}.Local|Any CPU.Build.0 = Debug|Any CPU
		{29998DA7-335A-469C-AF7E-997067B1BD2A}.QA|Any CPU.ActiveCfg = Debug|Any CPU
		{29998DA7-335A-469C-AF7E-997067B1BD2A}.QA|Any CPU.Build.0 = Debug|Any CPU
		{29998DA7-335A-469C-AF7E-997067B1BD2A}.Release|Any CPU.ActiveCfg = Release|Any CPU
		{29998DA7-335A-469C-AF7E-997067B1BD2A}.Release|Any CPU.Build.0 = Release|Any CPU
		{29998DA7-335A-469C-AF7E-997067B1BD2A}.UAT|Any CPU.ActiveCfg = Release|Any CPU
		{29998DA7-335A-469C-AF7E-997067B1BD2A}.UAT|Any CPU.Build.0 = Release|Any CPU
		{4459A1D1-45F4-4806-8FDF-CC5F09A3E662}.Debug|Any CPU.ActiveCfg = Debug|Any CPU
		{4459A1D1-45F4-4806-8FDF-CC5F09A3E662}.Debug|Any CPU.Build.0 = Debug|Any CPU
		{4459A1D1-45F4-4806-8FDF-CC5F09A3E662}.Dev|Any CPU.ActiveCfg = Debug|Any CPU
		{4459A1D1-45F4-4806-8FDF-CC5F09A3E662}.Dev|Any CPU.Build.0 = Debug|Any CPU
		{4459A1D1-45F4-4806-8FDF-CC5F09A3E662}.Local|Any CPU.ActiveCfg = Debug|Any CPU
		{4459A1D1-45F4-4806-8FDF-CC5F09A3E662}.Local|Any CPU.Build.0 = Debug|Any CPU
		{4459A1D1-45F4-4806-8FDF-CC5F09A3E662}.QA|Any CPU.ActiveCfg = Debug|Any CPU
		{4459A1D1-45F4-4806-8FDF-CC5F09A3E662}.QA|Any CPU.Build.0 = Debug|Any CPU
		{4459A1D1-45F4-4806-8FDF-CC5F09A3E662}.Release|Any CPU.ActiveCfg = Release|Any CPU
		{4459A1D1-45F4-4806-8FDF-CC5F09A3E662}.Release|Any CPU.Build.0 = Release|Any CPU
		{4459A1D1-45F4-4806-8FDF-CC5F09A3E662}.UAT|Any CPU.ActiveCfg = Release|Any CPU
		{4459A1D1-45F4-4806-8FDF-CC5F09A3E662}.UAT|Any CPU.Build.0 = Release|Any CPU
		{71F8265B-9490-4353-B569-FBFF017F5458}.Debug|Any CPU.ActiveCfg = Debug|Any CPU
		{71F8265B-9490-4353-B569-FBFF017F5458}.Debug|Any CPU.Build.0 = Debug|Any CPU
		{71F8265B-9490-4353-B569-FBFF017F5458}.Dev|Any CPU.ActiveCfg = Debug|Any CPU
		{71F8265B-9490-4353-B569-FBFF017F5458}.Dev|Any CPU.Build.0 = Debug|Any CPU
		{71F8265B-9490-4353-B569-FBFF017F5458}.Local|Any CPU.ActiveCfg = Debug|Any CPU
		{71F8265B-9490-4353-B569-FBFF017F5458}.Local|Any CPU.Build.0 = Debug|Any CPU
		{71F8265B-9490-4353-B569-FBFF017F5458}.QA|Any CPU.ActiveCfg = Debug|Any CPU
		{71F8265B-9490-4353-B569-FBFF017F5458}.QA|Any CPU.Build.0 = Debug|Any CPU
		{71F8265B-9490-4353-B569-FBFF017F5458}.Release|Any CPU.ActiveCfg = Release|Any CPU
		{71F8265B-9490-4353-B569-FBFF017F5458}.Release|Any CPU.Build.0 = Release|Any CPU
		{71F8265B-9490-4353-B569-FBFF017F5458}.UAT|Any CPU.ActiveCfg = Release|Any CPU
		{71F8265B-9490-4353-B569-FBFF017F5458}.UAT|Any CPU.Build.0 = Release|Any CPU
		{AD36B4B4-6344-465F-B928-235A168639C3}.Debug|Any CPU.ActiveCfg = Debug|Any CPU
		{AD36B4B4-6344-465F-B928-235A168639C3}.Debug|Any CPU.Build.0 = Debug|Any CPU
		{AD36B4B4-6344-465F-B928-235A168639C3}.Dev|Any CPU.ActiveCfg = Debug|Any CPU
		{AD36B4B4-6344-465F-B928-235A168639C3}.Dev|Any CPU.Build.0 = Debug|Any CPU
		{AD36B4B4-6344-465F-B928-235A168639C3}.Local|Any CPU.ActiveCfg = Debug|Any CPU
		{AD36B4B4-6344-465F-B928-235A168639C3}.Local|Any CPU.Build.0 = Debug|Any CPU
		{AD36B4B4-6344-465F-B928-235A168639C3}.QA|Any CPU.ActiveCfg = Debug|Any CPU
		{AD36B4B4-6344-465F-B928-235A168639C3}.QA|Any CPU.Build.0 = Debug|Any CPU
		{AD36B4B4-6344-465F-B928-235A168639C3}.Release|Any CPU.ActiveCfg = Release|Any CPU
		{AD36B4B4-6344-465F-B928-235A168639C3}.Release|Any CPU.Build.0 = Release|Any CPU
		{AD36B4B4-6344-465F-B928-235A168639C3}.UAT|Any CPU.ActiveCfg = Release|Any CPU
		{AD36B4B4-6344-465F-B928-235A168639C3}.UAT|Any CPU.Build.0 = Release|Any CPU
		{5EE05104-1A77-49EE-8067-321FAAC0998C}.Debug|Any CPU.ActiveCfg = Debug|Any CPU
		{5EE05104-1A77-49EE-8067-321FAAC0998C}.Debug|Any CPU.Build.0 = Debug|Any CPU
		{5EE05104-1A77-49EE-8067-321FAAC0998C}.Dev|Any CPU.ActiveCfg = Debug|Any CPU
		{5EE05104-1A77-49EE-8067-321FAAC0998C}.Dev|Any CPU.Build.0 = Debug|Any CPU
		{5EE05104-1A77-49EE-8067-321FAAC0998C}.Local|Any CPU.ActiveCfg = Debug|Any CPU
		{5EE05104-1A77-49EE-8067-321FAAC0998C}.Local|Any CPU.Build.0 = Debug|Any CPU
		{5EE05104-1A77-49EE-8067-321FAAC0998C}.QA|Any CPU.ActiveCfg = Debug|Any CPU
		{5EE05104-1A77-49EE-8067-321FAAC0998C}.QA|Any CPU.Build.0 = Debug|Any CPU
		{5EE05104-1A77-49EE-8067-321FAAC0998C}.Release|Any CPU.ActiveCfg = Release|Any CPU
		{5EE05104-1A77-49EE-8067-321FAAC0998C}.Release|Any CPU.Build.0 = Release|Any CPU
		{5EE05104-1A77-49EE-8067-321FAAC0998C}.UAT|Any CPU.ActiveCfg = Release|Any CPU
		{5EE05104-1A77-49EE-8067-321FAAC0998C}.UAT|Any CPU.Build.0 = Release|Any CPU
		{8163F1B3-C527-45BB-8BF4-800828B597A1}.Debug|Any CPU.ActiveCfg = Debug|Any CPU
		{8163F1B3-C527-45BB-8BF4-800828B597A1}.Debug|Any CPU.Build.0 = Debug|Any CPU
		{8163F1B3-C527-45BB-8BF4-800828B597A1}.Dev|Any CPU.ActiveCfg = Debug|Any CPU
		{8163F1B3-C527-45BB-8BF4-800828B597A1}.Dev|Any CPU.Build.0 = Debug|Any CPU
		{8163F1B3-C527-45BB-8BF4-800828B597A1}.Local|Any CPU.ActiveCfg = Debug|Any CPU
		{8163F1B3-C527-45BB-8BF4-800828B597A1}.Local|Any CPU.Build.0 = Debug|Any CPU
		{8163F1B3-C527-45BB-8BF4-800828B597A1}.QA|Any CPU.ActiveCfg = Debug|Any CPU
		{8163F1B3-C527-45BB-8BF4-800828B597A1}.QA|Any CPU.Build.0 = Debug|Any CPU
		{8163F1B3-C527-45BB-8BF4-800828B597A1}.Release|Any CPU.ActiveCfg = Release|Any CPU
		{8163F1B3-C527-45BB-8BF4-800828B597A1}.Release|Any CPU.Build.0 = Release|Any CPU
		{8163F1B3-C527-45BB-8BF4-800828B597A1}.UAT|Any CPU.ActiveCfg = Release|Any CPU
		{8163F1B3-C527-45BB-8BF4-800828B597A1}.UAT|Any CPU.Build.0 = Release|Any CPU
		{CA1E0254-68E2-4362-90C8-151F368990E7}.Debug|Any CPU.ActiveCfg = Debug|Any CPU
		{CA1E0254-68E2-4362-90C8-151F368990E7}.Debug|Any CPU.Build.0 = Debug|Any CPU
		{CA1E0254-68E2-4362-90C8-151F368990E7}.Dev|Any CPU.ActiveCfg = Debug|Any CPU
		{CA1E0254-68E2-4362-90C8-151F368990E7}.Dev|Any CPU.Build.0 = Debug|Any CPU
		{CA1E0254-68E2-4362-90C8-151F368990E7}.Local|Any CPU.ActiveCfg = Debug|Any CPU
		{CA1E0254-68E2-4362-90C8-151F368990E7}.Local|Any CPU.Build.0 = Debug|Any CPU
		{CA1E0254-68E2-4362-90C8-151F368990E7}.QA|Any CPU.ActiveCfg = Debug|Any CPU
		{CA1E0254-68E2-4362-90C8-151F368990E7}.QA|Any CPU.Build.0 = Debug|Any CPU
		{CA1E0254-68E2-4362-90C8-151F368990E7}.Release|Any CPU.ActiveCfg = Release|Any CPU
		{CA1E0254-68E2-4362-90C8-151F368990E7}.Release|Any CPU.Build.0 = Release|Any CPU
		{CA1E0254-68E2-4362-90C8-151F368990E7}.UAT|Any CPU.ActiveCfg = Release|Any CPU
		{CA1E0254-68E2-4362-90C8-151F368990E7}.UAT|Any CPU.Build.0 = Release|Any CPU
		{7A7ACFAE-AABB-49C4-AF17-AEE197B09415}.Debug|Any CPU.ActiveCfg = Debug|Any CPU
		{7A7ACFAE-AABB-49C4-AF17-AEE197B09415}.Debug|Any CPU.Build.0 = Debug|Any CPU
		{7A7ACFAE-AABB-49C4-AF17-AEE197B09415}.Dev|Any CPU.ActiveCfg = Debug|Any CPU
		{7A7ACFAE-AABB-49C4-AF17-AEE197B09415}.Dev|Any CPU.Build.0 = Debug|Any CPU
		{7A7ACFAE-AABB-49C4-AF17-AEE197B09415}.Local|Any CPU.ActiveCfg = QA|Any CPU
		{7A7ACFAE-AABB-49C4-AF17-AEE197B09415}.Local|Any CPU.Build.0 = QA|Any CPU
		{7A7ACFAE-AABB-49C4-AF17-AEE197B09415}.QA|Any CPU.ActiveCfg = QA|Any CPU
		{7A7ACFAE-AABB-49C4-AF17-AEE197B09415}.QA|Any CPU.Build.0 = QA|Any CPU
		{7A7ACFAE-AABB-49C4-AF17-AEE197B09415}.Release|Any CPU.ActiveCfg = Release|Any CPU
		{7A7ACFAE-AABB-49C4-AF17-AEE197B09415}.Release|Any CPU.Build.0 = Release|Any CPU
		{7A7ACFAE-AABB-49C4-AF17-AEE197B09415}.UAT|Any CPU.ActiveCfg = Release|Any CPU
		{7A7ACFAE-AABB-49C4-AF17-AEE197B09415}.UAT|Any CPU.Build.0 = Release|Any CPU
		{8053475D-47A0-4ED1-805E-9EAE08D35A63}.Debug|Any CPU.ActiveCfg = Debug|Any CPU
		{8053475D-47A0-4ED1-805E-9EAE08D35A63}.Debug|Any CPU.Build.0 = Debug|Any CPU
		{8053475D-47A0-4ED1-805E-9EAE08D35A63}.Dev|Any CPU.ActiveCfg = Debug|Any CPU
		{8053475D-47A0-4ED1-805E-9EAE08D35A63}.Dev|Any CPU.Build.0 = Debug|Any CPU
		{8053475D-47A0-4ED1-805E-9EAE08D35A63}.Local|Any CPU.ActiveCfg = Debug|Any CPU
		{8053475D-47A0-4ED1-805E-9EAE08D35A63}.Local|Any CPU.Build.0 = Debug|Any CPU
		{8053475D-47A0-4ED1-805E-9EAE08D35A63}.QA|Any CPU.ActiveCfg = Release|Any CPU
		{8053475D-47A0-4ED1-805E-9EAE08D35A63}.QA|Any CPU.Build.0 = Release|Any CPU
		{8053475D-47A0-4ED1-805E-9EAE08D35A63}.Release|Any CPU.ActiveCfg = Release|Any CPU
		{8053475D-47A0-4ED1-805E-9EAE08D35A63}.Release|Any CPU.Build.0 = Release|Any CPU
		{8053475D-47A0-4ED1-805E-9EAE08D35A63}.UAT|Any CPU.ActiveCfg = Release|Any CPU
		{8053475D-47A0-4ED1-805E-9EAE08D35A63}.UAT|Any CPU.Build.0 = Release|Any CPU
		{6700036D-142D-44D2-91E6-D920FEA76E93}.Debug|Any CPU.ActiveCfg = Debug|Any CPU
		{6700036D-142D-44D2-91E6-D920FEA76E93}.Debug|Any CPU.Build.0 = Debug|Any CPU
		{6700036D-142D-44D2-91E6-D920FEA76E93}.Dev|Any CPU.ActiveCfg = Debug|Any CPU
		{6700036D-142D-44D2-91E6-D920FEA76E93}.Dev|Any CPU.Build.0 = Debug|Any CPU
		{6700036D-142D-44D2-91E6-D920FEA76E93}.Local|Any CPU.ActiveCfg = Debug|Any CPU
		{6700036D-142D-44D2-91E6-D920FEA76E93}.Local|Any CPU.Build.0 = Debug|Any CPU
		{6700036D-142D-44D2-91E6-D920FEA76E93}.QA|Any CPU.ActiveCfg = Release|Any CPU
		{6700036D-142D-44D2-91E6-D920FEA76E93}.QA|Any CPU.Build.0 = Release|Any CPU
		{6700036D-142D-44D2-91E6-D920FEA76E93}.Release|Any CPU.ActiveCfg = Release|Any CPU
		{6700036D-142D-44D2-91E6-D920FEA76E93}.Release|Any CPU.Build.0 = Release|Any CPU
		{6700036D-142D-44D2-91E6-D920FEA76E93}.UAT|Any CPU.ActiveCfg = Release|Any CPU
		{6700036D-142D-44D2-91E6-D920FEA76E93}.UAT|Any CPU.Build.0 = Release|Any CPU
		{48FEED82-838B-4A98-ADA7-73A18F0C278F}.Debug|Any CPU.ActiveCfg = Debug|Any CPU
		{48FEED82-838B-4A98-ADA7-73A18F0C278F}.Debug|Any CPU.Build.0 = Debug|Any CPU
		{48FEED82-838B-4A98-ADA7-73A18F0C278F}.Dev|Any CPU.ActiveCfg = Debug|Any CPU
		{48FEED82-838B-4A98-ADA7-73A18F0C278F}.Dev|Any CPU.Build.0 = Debug|Any CPU
		{48FEED82-838B-4A98-ADA7-73A18F0C278F}.Local|Any CPU.ActiveCfg = Debug|Any CPU
		{48FEED82-838B-4A98-ADA7-73A18F0C278F}.Local|Any CPU.Build.0 = Debug|Any CPU
		{48FEED82-838B-4A98-ADA7-73A18F0C278F}.QA|Any CPU.ActiveCfg = Release|Any CPU
		{48FEED82-838B-4A98-ADA7-73A18F0C278F}.QA|Any CPU.Build.0 = Release|Any CPU
		{48FEED82-838B-4A98-ADA7-73A18F0C278F}.Release|Any CPU.ActiveCfg = Release|Any CPU
		{48FEED82-838B-4A98-ADA7-73A18F0C278F}.Release|Any CPU.Build.0 = Release|Any CPU
		{48FEED82-838B-4A98-ADA7-73A18F0C278F}.UAT|Any CPU.ActiveCfg = Release|Any CPU
		{48FEED82-838B-4A98-ADA7-73A18F0C278F}.UAT|Any CPU.Build.0 = Release|Any CPU
		{D61434B0-E2E9-413E-9BC7-931BECAAEB88}.Debug|Any CPU.ActiveCfg = Debug|Any CPU
		{D61434B0-E2E9-413E-9BC7-931BECAAEB88}.Debug|Any CPU.Build.0 = Debug|Any CPU
		{D61434B0-E2E9-413E-9BC7-931BECAAEB88}.Dev|Any CPU.ActiveCfg = Debug|Any CPU
		{D61434B0-E2E9-413E-9BC7-931BECAAEB88}.Dev|Any CPU.Build.0 = Debug|Any CPU
		{D61434B0-E2E9-413E-9BC7-931BECAAEB88}.Local|Any CPU.ActiveCfg = UAT|Any CPU
		{D61434B0-E2E9-413E-9BC7-931BECAAEB88}.Local|Any CPU.Build.0 = UAT|Any CPU
		{D61434B0-E2E9-413E-9BC7-931BECAAEB88}.QA|Any CPU.ActiveCfg = UAT|Any CPU
		{D61434B0-E2E9-413E-9BC7-931BECAAEB88}.QA|Any CPU.Build.0 = UAT|Any CPU
		{D61434B0-E2E9-413E-9BC7-931BECAAEB88}.Release|Any CPU.ActiveCfg = Release|Any CPU
		{D61434B0-E2E9-413E-9BC7-931BECAAEB88}.Release|Any CPU.Build.0 = Release|Any CPU
		{D61434B0-E2E9-413E-9BC7-931BECAAEB88}.UAT|Any CPU.ActiveCfg = UAT|Any CPU
		{D61434B0-E2E9-413E-9BC7-931BECAAEB88}.UAT|Any CPU.Build.0 = UAT|Any CPU
	EndGlobalSection
	GlobalSection(SolutionProperties) = preSolution
		HideSolutionNode = FALSE
	EndGlobalSection
	GlobalSection(TeamFoundationVersionControl) = preSolution
		SccNumberOfProjects = 17
		SccEnterpriseProvider = {4CA58AB2-18FA-4F8D-95D4-32DDF27D184C}
		SccTeamFoundationServer = https://evanyoung.visualstudio.com/defaultcollection
		SccLocalPath0 = .
		SccProjectUniqueName1 = WSS.CustomerApplication.Tests\\WSS.CustomerApplication.Tests.csproj
		SccProjectName1 = WSS.CustomerApplication.Tests
		SccLocalPath1 = WSS.CustomerApplication.Tests
		SccProjectUniqueName2 = WSS.CustomerApplication\\WSS.CustomerApplication.csproj
		SccProjectName2 = WSS.CustomerApplication
		SccLocalPath2 = WSS.CustomerApplication
		SccProjectUniqueName3 = WSS.InternalApplication.Tests\\WSS.InternalApplication.Tests.csproj
		SccProjectName3 = WSS.InternalApplication.Tests
		SccLocalPath3 = WSS.InternalApplication.Tests
		SccProjectUniqueName4 = WSS.InternalApplication\\WSS.InternalApplication.csproj
		SccProjectName4 = WSS.InternalApplication
		SccLocalPath4 = WSS.InternalApplication
		SccProjectUniqueName5 = WSS.Data\\WSS.Data.csproj
		SccProjectName5 = WSS.Data
		SccLocalPath5 = WSS.Data
		SccProjectUniqueName6 = UtilityBilling.Data\\UtilityBilling.Data.csproj
		SccProjectName6 = UtilityBilling.Data
		SccLocalPath6 = UtilityBilling.Data
		SccProjectUniqueName7 = WWDCommon.Data\\WWDCommon.Data.csproj
		SccProjectName7 = WWDCommon.Data
		SccLocalPath7 = WWDCommon.Data
		SccProjectUniqueName8 = WSS.User.Service\\WSS.User.Service.csproj
		SccProjectName8 = WSS.User.Service
		SccLocalPath8 = WSS.User.Service
		SccProjectUniqueName9 = WSS.User.Service.Tests\\WSS.User.Service.Tests.csproj
		SccProjectName9 = WSS.User.Service.Tests
		SccLocalPath9 = WSS.User.Service.Tests
		SccProjectUniqueName10 = WSS.Email.Service.Tests\\WSS.Email.Service.Tests.csproj
		SccProjectName10 = WSS.Email.Service.Tests
		SccLocalPath10 = WSS.Email.Service.Tests
		SccProjectUniqueName11 = WSS.AuditTransaction\\WSS.AuditTransaction.csproj
		SccProjectName11 = WSS.AuditTransaction
		SccLocalPath11 = WSS.AuditTransaction
		SccProjectUniqueName12 = WSS.Logging.Service\\WSS.Logging.Service.csproj
		SccProjectName12 = WSS.Logging.Service
		SccLocalPath12 = WSS.Logging.Service
		SccProjectUniqueName13 = WSS.Identity\\WSS.Identity.Data.csproj
		SccProjectName13 = WSS.Identity
		SccLocalPath13 = WSS.Identity
		SccProjectUniqueName14 = WSS.Common.Utilities.Tests\\WSS.Common.Utilities.Tests.csproj
		SccProjectName14 = WSS.Common.Utilities.Tests
		SccLocalPath14 = WSS.Common.Utilities.Tests
		SccProjectUniqueName15 = WSS.Common.Utilities\\WSS.Common.Utilities.csproj
		SccProjectName15 = WSS.Common.Utilities
		SccLocalPath15 = WSS.Common.Utilities
		SccProjectUniqueName16 = WSS.Email.Service\\WSS.Email.Service.csproj
		SccProjectName16 = WSS.Email.Service
		SccLocalPath16 = WSS.Email.Service
	EndGlobalSection
EndGlobal
